
Microsoft Visual Studio Solution File, Format Version 10.00
# Visual Studio 2008
Project("{8BC9CEB8-8B4A-11D0-8D11-00A0C91BC942}") = "packit4me", "packit4me.vcproj", "{820082A2-F40E-4CC6-ACBD-B61B0B58882A}"
EndProject
Project("{8BC9CEB8-8B4A-11D0-8D11-00A0C91BC942}") = "unit_test", "unit_test\unit_test.vcproj", "{713BDC36-943D-4667-B950-BBCF1EC3FBCB}"
EndProject
Global
	GlobalSection(SolutionConfigurationPlatforms) = preSolution
		Debug|Win32 = Debug|Win32
		Release|Win32 = Release|Win32
	EndGlobalSection
	GlobalSection(ProjectConfigurationPlatforms) = postSolution
		{820082A2-F40E-4CC6-ACBD-B61B0B58882A}.Debug|Win32.ActiveCfg = Debug|Win32
		{820082A2-F40E-4CC6-ACBD-B61B0B58882A}.Debug|Win32.Build.0 = Debug|Win32
		{820082A2-F40E-4CC6-ACBD-B61B0B58882A}.Release|Win32.ActiveCfg = Release|Win32
		{820082A2-F40E-4CC6-ACBD-B61B0B58882A}.Release|Win32.Build.0 = Release|Win32
		{713BDC36-943D-4667-B950-BBCF1EC3FBCB}.Debug|Win32.ActiveCfg = Debug|Win32
		{713BDC36-943D-4667-B950-BBCF1EC3FBCB}.Debug|Win32.Build.0 = Debug|Win32
		{713BDC36-943D-4667-B950-BBCF1EC3FBCB}.Release|Win32.ActiveCfg = Release|Win32
		{713BDC36-943D-4667-B950-BBCF1EC3FBCB}.Release|Win32.Build.0 = Release|Win32
	EndGlobalSection
	GlobalSection(SolutionProperties) = preSolution
		HideSolutionNode = FALSE
	EndGlobalSection
EndGlobal
