<?xml version="1.0" encoding="UTF-8" standalone="yes" ?>
<CodeBlocks_project_file>
	<FileVersion major="1" minor="6" />
	<Project>
		<Option title="packit4me2" />
		<Option pch_mode="2" />
		<Option compiler="gcc" />
		<Build>
			<Target title="Debug">
				<Option output="../Packfl9129937/bin/packit4me2" prefix_auto="1" extension_auto="1" />
				<Option working_dir="../Packfl9129937/bin" />
				<Option object_output="obj/Debug/" />
				<Option type="1" />
				<Option compiler="gcc" />
				<Option parameters="--bins PACK-SMALL:in:1:100x100x100:30,PACK-LARGE:in:1:500x500x500:30 --items  Anywhere:in:7:4:10x10x10:1.6 --onebin --o packit4me.json" />
				<Compiler>
					<Add option="-std=c++11" />
					<Add option="-g" />
					<Add directory="HeaderFiles" />
				</Compiler>
			</Target>
			<Target title="Release">
				<Option output="../Packfl9129937/bin/packit4me2" prefix_auto="1" extension_auto="1" />
				<Option working_dir="../Release" />
				<Option object_output="obj/Release/" />
				<Option type="1" />
				<Option compiler="gcc" />
				<Option parameters=" -b 0:mm:-1:1500:1500:500 -i 0:mm:12:300x200x100 -s b" />
				<Compiler>
					<Add option="-O2" />
				</Compiler>
				<Linker>
					<Add option="-s" />
				</Linker>
			</Target>
		</Build>
		<Compiler>
			<Add option="-std=c++11" />
			<Add option="-Wall" />
			<Add option="-fexceptions" />
			<Add directory="$(#boost.include)" />
			<Add directory="HeaderFiles" />
		</Compiler>
		<Linker>
			<Add library="boost_program_options-mgw48-mt-1_59" />
			<Add directory="$(#boost.lib)" />
		</Linker>
		<Unit filename="HeaderFiles/Bin.h" />
		<Unit filename="HeaderFiles/Bin1D.h" />
		<Unit filename="HeaderFiles/Bin2D.h" />
		<Unit filename="HeaderFiles/Bin3D.h" />
		<Unit filename="HeaderFiles/Bindings.h" />
		<Unit filename="HeaderFiles/BoxBindingsParser.h" />
		<Unit filename="HeaderFiles/BoxPacker2D.h" />
		<Unit filename="HeaderFiles/BoxPacker3D.h" />
		<Unit filename="HeaderFiles/Item.h" />
		<Unit filename="HeaderFiles/Item2D.h" />
		<Unit filename="HeaderFiles/Item3D.h" />
		<Unit filename="HeaderFiles/Packer.h" />
		<Unit filename="HeaderFiles/Shape.h" />
		<Unit filename="HeaderFiles/Shape2D.h" />
		<Unit filename="HeaderFiles/Shape3D.h" />
		<Unit filename="HeaderFiles/Side.h" />
		<Unit filename="HeaderFiles/TubeBindingsParser.h" />
		<Unit filename="HeaderFiles/TubePacker.h" />
		<Unit filename="HeaderFiles/Utils.h" />
		<Unit filename="HeaderFiles/cCut.h" />
		<Unit filename="HeaderFiles/cWorld.h" />
		<Unit filename="HeaderFiles/stdafx.h" />
		<Unit filename="SourceFiles/Bin.cpp" />
		<Unit filename="SourceFiles/Bin1D.cpp" />
		<Unit filename="SourceFiles/Bin2D.cpp" />
		<Unit filename="SourceFiles/Bin3D.cpp" />
		<Unit filename="SourceFiles/BoxPacker2D.cpp" />
		<Unit filename="SourceFiles/BoxPacker3D.cpp" />
		<Unit filename="SourceFiles/Item.cpp" />
		<Unit filename="SourceFiles/Item2D.cpp" />
		<Unit filename="SourceFiles/Item3D.cpp" />
		<Unit filename="SourceFiles/Packer.cpp" />
		<Unit filename="SourceFiles/Shape.cpp" />
		<Unit filename="SourceFiles/Shape2D.cpp" />
		<Unit filename="SourceFiles/Shape3D.cpp" />
		<Unit filename="SourceFiles/Side.cpp" />
		<Unit filename="SourceFiles/TubePacker.cpp" />
		<Unit filename="SourceFiles/Utils.cpp" />
		<Unit filename="SourceFiles/cCut.cpp" />
		<Unit filename="SourceFiles/cWorld.cpp" />
		<Unit filename="SourceFiles/main.cpp" />
		<Unit filename="SourceFiles/stdafx.cpp" />
		<Extensions>
			<code_completion />
			<envvars />
			<debugger />
			<lib_finder disable_auto="1" />
		</Extensions>
	</Project>
</CodeBlocks_project_file>
